{
  "name": "@agentguard-run/codex-plugin",
  "version": "0.2.0",
  "lockfileVersion": 3,
  "requires": true,
  "packages": {
    "": {
      "name": "@agentguard-run/codex-plugin",
      "version": "0.2.0",
      "hasInstallScript": true,
      "license": "SEE LICENSE IN LICENSE",
      "dependencies": {
        "@agentguard-run/burn": "^0.2.3",
        "@agentguard-run/spend": "^0.20.0"
      },
      "engines": {
        "node": ">=22"
      }
    },
    "node_modules/@agentguard-run/burn": {
      "version": "0.2.5",
      "resolved": "https://registry.npmjs.org/@agentguard-run/burn/-/burn-0.2.5.tgz",
      "integrity": "sha512-IdUFGzsStip2efjjq0us+W2mYBV/lFlFTNvMzd73xmZHrpOtiAcjUU8ghMErBbBOhqAbegueJinM2IDAXil8Dw==",
      "license": "SEE LICENSE IN LICENSE",
      "bin": {
        "agentguard-burn": "dist/src/cli.js"
      },
      "engines": {
        "node": ">=20.0.0"
      }
    },
    "node_modules/@agentguard-run/spend": {
      "version": "0.20.0",
      "resolved": "https://registry.npmjs.org/@agentguard-run/spend/-/spend-0.20.0.tgz",
      "integrity": "sha512-atMNq4UDKb7gI1fTu5Gjtv5iuBHLR1hZuQUdDeHI+jLkTBFhILqq09eZmmpsuhd8tod9ahsF7fNhDABdAkFuIg==",
      "license": "SEE LICENSE IN LICENSE",
      "dependencies": {
        "@noble/ed25519": "^3.1.0",
        "@noble/hashes": "^2.2.0"
      },
      "bin": {
        "agentguard": "bin/agentguard.js"
      },
      "engines": {
        "node": ">=20.0.0"
      },
      "peerDependencies": {
        "@anthropic-ai/sdk": ">=0.30.0",
        "@aws-sdk/client-bedrock-runtime": ">=3.600.0",
        "@aws-sdk/client-kms": ">=3.600.0",
        "@langchain/core": ">=0.3.0",
        "ai": ">=6.0.0",
        "ioredis": ">=5.0.0",
        "mppx": ">=0.10.1 <0.11",
        "openai": ">=5.0.0",
        "opentimestamps": ">=0.4.0",
        "pg": ">=8.10.0",
        "viem": ">=2.54.0"
      },
      "peerDependenciesMeta": {
        "@anthropic-ai/sdk": {
          "optional": true
        },
        "@aws-sdk/client-bedrock-runtime": {
          "optional": true
        },
        "@aws-sdk/client-kms": {
          "optional": true
        },
        "@langchain/core": {
          "optional": true
        },
        "ai": {
          "optional": true
        },
        "ioredis": {
          "optional": true
        },
        "mppx": {
          "optional": true
        },
        "openai": {
          "optional": true
        },
        "opentimestamps": {
          "optional": true
        },
        "pg": {
          "optional": true
        },
        "viem": {
          "optional": true
        }
      }
    },
    "node_modules/@noble/ed25519": {
      "version": "3.2.0",
      "resolved": "https://registry.npmjs.org/@noble/ed25519/-/ed25519-3.2.0.tgz",
      "integrity": "sha512-criDgRlnUA09hchYrTy/JUWPIEap5rZxQe6wDWzRx51oWWpDRcUpuNzlgPxDJaOK6AsW9c0wKcj3rKRv6t+bPQ==",
      "license": "MIT",
      "funding": {
        "url": "https://paulmillr.com/funding/"
      }
    },
    "node_modules/@noble/hashes": {
      "version": "2.4.0",
      "resolved": "https://registry.npmjs.org/@noble/hashes/-/hashes-2.4.0.tgz",
      "integrity": "sha512-X5XaVWZIBCT7HHZGm5I7ZQXDwLG+bGXuSrMQAW+7Zvl87h1kmc1ZB1VSRJcpUfoUrGQp4Fkoxm5kZ+Ms+aW+eA==",
      "license": "MIT",
      "engines": {
        "node": ">= 20.19.0"
      },
      "funding": {
        "url": "https://paulmillr.com/funding/"
      }
    }
  }
}
